// !$*UTF8*$!
{
	archiveVersion = 1;
	classes = {
	};
	objectVersion = 50;
	objects = {

/* Begin PBXBuildFile section */
		4B43BF0A2357186500ABDBF6 /* AutolayoutViewController.swift in Sources */ = {isa = PBXBuildFile; fileRef = 4B43BF092357186500ABDBF6 /* AutolayoutViewController.swift */; };
		4BA4CCF2235857EC0004A9C8 /* AutolayoutedBubblesVC.swift in Sources */ = {isa = PBXBuildFile; fileRef = 4BA4CCF1235857EC0004A9C8 /* AutolayoutedBubblesVC.swift */; };
		886F66ED234DBD9600FAE4D6 /* AppDelegate.swift in Sources */ = {isa = PBXBuildFile; fileRef = 886F66EC234DBD9600FAE4D6 /* AppDelegate.swift */; };
		886F66EF234DBD9600FAE4D6 /* SceneDelegate.swift in Sources */ = {isa = PBXBuildFile; fileRef = 886F66EE234DBD9600FAE4D6 /* SceneDelegate.swift */; };
		886F66F1234DBD9600FAE4D6 /* BubblesViewController.swift in Sources */ = {isa = PBXBuildFile; fileRef = 886F66F0234DBD9600FAE4D6 /* BubblesViewController.swift */; };
		886F66F4234DBD9600FAE4D6 /* Main.storyboard in Resources */ = {isa = PBXBuildFile; fileRef = 886F66F2234DBD9600FAE4D6 /* Main.storyboard */; };
		886F66F6234DBD9A00FAE4D6 /* Assets.xcassets in Resources */ = {isa = PBXBuildFile; fileRef = 886F66F5234DBD9A00FAE4D6 /* Assets.xcassets */; };
		886F66F9234DBD9A00FAE4D6 /* LaunchScreen.storyboard in Resources */ = {isa = PBXBuildFile; fileRef = 886F66F7234DBD9A00FAE4D6 /* LaunchScreen.storyboard */; };
		B42DC1C92369845D007A6FA5 /* ConsoleViewController.swift in Sources */ = {isa = PBXBuildFile; fileRef = B42DC1C82369845D007A6FA5 /* ConsoleViewController.swift */; };
		B42DC1CC236990D4007A6FA5 /* Shape.swift in Sources */ = {isa = PBXBuildFile; fileRef = B42DC1CB236990D4007A6FA5 /* Shape.swift */; };
		B4DEE2C9235F8F190087DFAE /* ActionViewController.swift in Sources */ = {isa = PBXBuildFile; fileRef = B4DEE2C8235F8F190087DFAE /* ActionViewController.swift */; };
		B4DEE2CB235F92AA0087DFAE /* ControlPanel.swift in Sources */ = {isa = PBXBuildFile; fileRef = B4DEE2CA235F92AA0087DFAE /* ControlPanel.swift */; };
		B4DEE2CF2360602E0087DFAE /* ShapeView.swift in Sources */ = {isa = PBXBuildFile; fileRef = B4DEE2CE2360602E0087DFAE /* ShapeView.swift */; };
		B4DEE2D123606F710087DFAE /* ActionViewModel.swift in Sources */ = {isa = PBXBuildFile; fileRef = B4DEE2D023606F710087DFAE /* ActionViewModel.swift */; };
/* End PBXBuildFile section */

/* Begin PBXFileReference section */
		4B43BF092357186500ABDBF6 /* AutolayoutViewController.swift */ = {isa = PBXFileReference; lastKnownFileType = sourcecode.swift; path = AutolayoutViewController.swift; sourceTree = "<group>"; };
		4BA4CCF1235857EC0004A9C8 /* AutolayoutedBubblesVC.swift */ = {isa = PBXFileReference; lastKnownFileType = sourcecode.swift; path = AutolayoutedBubblesVC.swift; sourceTree = "<group>"; };
		886F66E9234DBD9600FAE4D6 /* ExampleApp.app */ = {isa = PBXFileReference; explicitFileType = wrapper.application; includeInIndex = 0; path = ExampleApp.app; sourceTree = BUILT_PRODUCTS_DIR; };
		886F66EC234DBD9600FAE4D6 /* AppDelegate.swift */ = {isa = PBXFileReference; lastKnownFileType = sourcecode.swift; path = AppDelegate.swift; sourceTree = "<group>"; };
		886F66EE234DBD9600FAE4D6 /* SceneDelegate.swift */ = {isa = PBXFileReference; lastKnownFileType = sourcecode.swift; path = SceneDelegate.swift; sourceTree = "<group>"; };
		886F66F0234DBD9600FAE4D6 /* BubblesViewController.swift */ = {isa = PBXFileReference; lastKnownFileType = sourcecode.swift; path = BubblesViewController.swift; sourceTree = "<group>"; };
		886F66F3234DBD9600FAE4D6 /* Base */ = {isa = PBXFileReference; lastKnownFileType = file.storyboard; name = Base; path = Base.lproj/Main.storyboard; sourceTree = "<group>"; };
		886F66F5234DBD9A00FAE4D6 /* Assets.xcassets */ = {isa = PBXFileReference; lastKnownFileType = folder.assetcatalog; path = Assets.xcassets; sourceTree = "<group>"; };
		886F66F8234DBD9A00FAE4D6 /* Base */ = {isa = PBXFileReference; lastKnownFileType = file.storyboard; name = Base; path = Base.lproj/LaunchScreen.storyboard; sourceTree = "<group>"; };
		886F66FA234DBD9A00FAE4D6 /* Info.plist */ = {isa = PBXFileReference; lastKnownFileType = text.plist.xml; path = Info.plist; sourceTree = "<group>"; };
		B42DC1C82369845D007A6FA5 /* ConsoleViewController.swift */ = {isa = PBXFileReference; lastKnownFileType = sourcecode.swift; path = ConsoleViewController.swift; sourceTree = "<group>"; };
		B42DC1CB236990D4007A6FA5 /* Shape.swift */ = {isa = PBXFileReference; lastKnownFileType = sourcecode.swift; path = Shape.swift; sourceTree = "<group>"; };
		B4DEE2C8235F8F190087DFAE /* ActionViewController.swift */ = {isa = PBXFileReference; lastKnownFileType = sourcecode.swift; path = ActionViewController.swift; sourceTree = "<group>"; };
		B4DEE2CA235F92AA0087DFAE /* ControlPanel.swift */ = {isa = PBXFileReference; lastKnownFileType = sourcecode.swift; path = ControlPanel.swift; sourceTree = "<group>"; };
		B4DEE2CE2360602E0087DFAE /* ShapeView.swift */ = {isa = PBXFileReference; lastKnownFileType = sourcecode.swift; path = ShapeView.swift; sourceTree = "<group>"; };
		B4DEE2D023606F710087DFAE /* ActionViewModel.swift */ = {isa = PBXFileReference; lastKnownFileType = sourcecode.swift; path = ActionViewModel.swift; sourceTree = "<group>"; };
/* End PBXFileReference section */

/* Begin PBXFrameworksBuildPhase section */
		886F66E6234DBD9600FAE4D6 /* Frameworks */ = {
			isa = PBXFrameworksBuildPhase;
			buildActionMask = 2147483647;
			files = (
			);
			runOnlyForDeploymentPostprocessing = 0;
		};
/* End PBXFrameworksBuildPhase section */

/* Begin PBXGroup section */
		886F66E0234DBD9600FAE4D6 = {
			isa = PBXGroup;
			children = (
				886F66EB234DBD9600FAE4D6 /* ExampleApp */,
				886F66EA234DBD9600FAE4D6 /* Products */,
			);
			sourceTree = "<group>";
		};
		886F66EA234DBD9600FAE4D6 /* Products */ = {
			isa = PBXGroup;
			children = (
				886F66E9234DBD9600FAE4D6 /* ExampleApp.app */,
			);
			name = Products;
			sourceTree = "<group>";
		};
		886F66EB234DBD9600FAE4D6 /* ExampleApp */ = {
			isa = PBXGroup;
			children = (
				B42DC1CF2369923D007A6FA5 /* Views */,
				B42DC1CE236991D5007A6FA5 /* ViewModels */,
				B42DC1CD236991AD007A6FA5 /* ViewConttrollers */,
				B42DC1CA236990C7007A6FA5 /* Models */,
				886F66EC234DBD9600FAE4D6 /* AppDelegate.swift */,
				886F66EE234DBD9600FAE4D6 /* SceneDelegate.swift */,
				886F66F2234DBD9600FAE4D6 /* Main.storyboard */,
				886F66F5234DBD9A00FAE4D6 /* Assets.xcassets */,
				886F66F7234DBD9A00FAE4D6 /* LaunchScreen.storyboard */,
				886F66FA234DBD9A00FAE4D6 /* Info.plist */,
			);
			path = ExampleApp;
			sourceTree = "<group>";
		};
		B42DC1CA236990C7007A6FA5 /* Models */ = {
			isa = PBXGroup;
			children = (
				B42DC1CB236990D4007A6FA5 /* Shape.swift */,
			);
			path = Models;
			sourceTree = "<group>";
		};
		B42DC1CD236991AD007A6FA5 /* ViewConttrollers */ = {
			isa = PBXGroup;
			children = (
				886F66F0234DBD9600FAE4D6 /* BubblesViewController.swift */,
				4BA4CCF1235857EC0004A9C8 /* AutolayoutedBubblesVC.swift */,
				4B43BF092357186500ABDBF6 /* AutolayoutViewController.swift */,
				B4DEE2C8235F8F190087DFAE /* ActionViewController.swift */,
				B42DC1C82369845D007A6FA5 /* ConsoleViewController.swift */,
			);
			path = ViewConttrollers;
			sourceTree = "<group>";
		};
		B42DC1CE236991D5007A6FA5 /* ViewModels */ = {
			isa = PBXGroup;
			children = (
				B4DEE2D023606F710087DFAE /* ActionViewModel.swift */,
			);
			path = ViewModels;
			sourceTree = "<group>";
		};
		B42DC1CF2369923D007A6FA5 /* Views */ = {
			isa = PBXGroup;
			children = (
				B4DEE2CA235F92AA0087DFAE /* ControlPanel.swift */,
				B4DEE2CE2360602E0087DFAE /* ShapeView.swift */,
			);
			path = Views;
			sourceTree = "<group>";
		};
/* End PBXGroup section */

/* Begin PBXNativeTarget section */
		886F66E8234DBD9600FAE4D6 /* ExampleApp */ = {
			isa = PBXNativeTarget;
			buildConfigurationList = 886F66FD234DBD9A00FAE4D6 /* Build configuration list for PBXNativeTarget "ExampleApp" */;
			buildPhases = (
				886F66E5234DBD9600FAE4D6 /* Sources */,
				886F66E6234DBD9600FAE4D6 /* Frameworks */,
				886F66E7234DBD9600FAE4D6 /* Resources */,
			);
			buildRules = (
			);
			dependencies = (
			);
			name = ExampleApp;
			productName = ExampleApp;
			productReference = 886F66E9234DBD9600FAE4D6 /* ExampleApp.app */;
			productType = "com.apple.product-type.application";
		};
/* End PBXNativeTarget section */

/* Begin PBXProject section */
		886F66E1234DBD9600FAE4D6 /* Project object */ = {
			isa = PBXProject;
			attributes = {
				LastSwiftUpdateCheck = 1100;
				LastUpgradeCheck = 1100;
				ORGANIZATIONNAME = CVUT;
				TargetAttributes = {
					886F66E8234DBD9600FAE4D6 = {
						CreatedOnToolsVersion = 11.0;
					};
				};
			};
			buildConfigurationList = 886F66E4234DBD9600FAE4D6 /* Build configuration list for PBXProject "ExampleApp" */;
			compatibilityVersion = "Xcode 9.3";
			developmentRegion = en;
			hasScannedForEncodings = 0;
			knownRegions = (
				en,
				Base,
			);
			mainGroup = 886F66E0234DBD9600FAE4D6;
			productRefGroup = 886F66EA234DBD9600FAE4D6 /* Products */;
			projectDirPath = "";
			projectRoot = "";
			targets = (
				886F66E8234DBD9600FAE4D6 /* ExampleApp */,
			);
		};
/* End PBXProject section */

/* Begin PBXResourcesBuildPhase section */
		886F66E7234DBD9600FAE4D6 /* Resources */ = {
			isa = PBXResourcesBuildPhase;
			buildActionMask = 2147483647;
			files = (
				886F66F9234DBD9A00FAE4D6 /* LaunchScreen.storyboard in Resources */,
				886F66F6234DBD9A00FAE4D6 /* Assets.xcassets in Resources */,
				886F66F4234DBD9600FAE4D6 /* Main.storyboard in Resources */,
			);
			runOnlyForDeploymentPostprocessing = 0;
		};
/* End PBXResourcesBuildPhase section */

/* Begin PBXSourcesBuildPhase section */
		886F66E5234DBD9600FAE4D6 /* Sources */ = {
			isa = PBXSourcesBuildPhase;
			buildActionMask = 2147483647;
			files = (
				B4DEE2C9235F8F190087DFAE /* ActionViewController.swift in Sources */,
				886F66F1234DBD9600FAE4D6 /* BubblesViewController.swift in Sources */,
				B4DEE2CB235F92AA0087DFAE /* ControlPanel.swift in Sources */,
				886F66ED234DBD9600FAE4D6 /* AppDelegate.swift in Sources */,
				B4DEE2D123606F710087DFAE /* ActionViewModel.swift in Sources */,
				4BA4CCF2235857EC0004A9C8 /* AutolayoutedBubblesVC.swift in Sources */,
				B42DC1CC236990D4007A6FA5 /* Shape.swift in Sources */,
				886F66EF234DBD9600FAE4D6 /* SceneDelegate.swift in Sources */,
				B4DEE2CF2360602E0087DFAE /* ShapeView.swift in Sources */,
				B42DC1C92369845D007A6FA5 /* ConsoleViewController.swift in Sources */,
				4B43BF0A2357186500ABDBF6 /* AutolayoutViewController.swift in Sources */,
			);
			runOnlyForDeploymentPostprocessing = 0;
		};
/* End PBXSourcesBuildPhase section */

/* Begin PBXVariantGroup section */
		886F66F2234DBD9600FAE4D6 /* Main.storyboard */ = {
			isa = PBXVariantGroup;
			children = (
				886F66F3234DBD9600FAE4D6 /* Base */,
			);
			name = Main.storyboard;
			sourceTree = "<group>";
		};
		886F66F7234DBD9A00FAE4D6 /* LaunchScreen.storyboard */ = {
			isa = PBXVariantGroup;
			children = (
				886F66F8234DBD9A00FAE4D6 /* Base */,
			);
			name = LaunchScreen.storyboard;
			sourceTree = "<group>";
		};
/* End PBXVariantGroup section */

/* Begin XCBuildConfiguration section */
		886F66FB234DBD9A00FAE4D6 /* Debug */ = {
			isa = XCBuildConfiguration;
			buildSettings = {
				ALWAYS_SEARCH_USER_PATHS = NO;
				CLANG_ANALYZER_NONNULL = YES;
				CLANG_ANALYZER_NUMBER_OBJECT_CONVERSION = YES_AGGRESSIVE;
				CLANG_CXX_LANGUAGE_STANDARD = "gnu++14";
				CLANG_CXX_LIBRARY = "libc++";
				CLANG_ENABLE_MODULES = YES;
				CLANG_ENABLE_OBJC_ARC = YES;
				CLANG_ENABLE_OBJC_WEAK = YES;
				CLANG_WARN_BLOCK_CAPTURE_AUTORELEASING = YES;
				CLANG_WARN_BOOL_CONVERSION = YES;
				CLANG_WARN_COMMA = YES;
				CLANG_WARN_CONSTANT_CONVERSION = YES;
				CLANG_WARN_DEPRECATED_OBJC_IMPLEMENTATIONS = YES;
				CLANG_WARN_DIRECT_OBJC_ISA_USAGE = YES_ERROR;
				CLANG_WARN_DOCUMENTATION_COMMENTS = YES;
				CLANG_WARN_EMPTY_BODY = YES;
				CLANG_WARN_ENUM_CONVERSION = YES;
				CLANG_WARN_INFINITE_RECURSION = YES;
				CLANG_WARN_INT_CONVERSION = YES;
				CLANG_WARN_NON_LITERAL_NULL_CONVERSION = YES;
				CLANG_WARN_OBJC_IMPLICIT_RETAIN_SELF = YES;
				CLANG_WARN_OBJC_LITERAL_CONVERSION = YES;
				CLANG_WARN_OBJC_ROOT_CLASS = YES_ERROR;
				CLANG_WARN_RANGE_LOOP_ANALYSIS = YES;
				CLANG_WARN_STRICT_PROTOTYPES = YES;
				CLANG_WARN_SUSPICIOUS_MOVE = YES;
				CLANG_WARN_UNGUARDED_AVAILABILITY = YES_AGGRESSIVE;
				CLANG_WARN_UNREACHABLE_CODE = YES;
				CLANG_WARN__DUPLICATE_METHOD_MATCH = YES;
				COPY_PHASE_STRIP = NO;
				DEBUG_INFORMATION_FORMAT = dwarf;
				ENABLE_STRICT_OBJC_MSGSEND = YES;
				ENABLE_TESTABILITY = YES;
				GCC_C_LANGUAGE_STANDARD = gnu11;
				GCC_DYNAMIC_NO_PIC = NO;
				GCC_NO_COMMON_BLOCKS = YES;
				GCC_OPTIMIZATION_LEVEL = 0;
				GCC_PREPROCESSOR_DEFINITIONS = (
					"DEBUG=1",
					"$(inherited)",
				);
				GCC_WARN_64_TO_32_BIT_CONVERSION = YES;
				GCC_WARN_ABOUT_RETURN_TYPE = YES_ERROR;
				GCC_WARN_UNDECLARED_SELECTOR = YES;
				GCC_WARN_UNINITIALIZED_AUTOS = YES_AGGRESSIVE;
				GCC_WARN_UNUSED_FUNCTION = YES;
				GCC_WARN_UNUSED_VARIABLE = YES;
				IPHONEOS_DEPLOYMENT_TARGET = 13.0;
				MTL_ENABLE_DEBUG_INFO = INCLUDE_SOURCE;
				MTL_FAST_MATH = YES;
				ONLY_ACTIVE_ARCH = YES;
				SDKROOT = iphoneos;
				SWIFT_ACTIVE_COMPILATION_CONDITIONS = DEBUG;
				SWIFT_OPTIMIZATION_LEVEL = "-Onone";
			};
			name = Debug;
		};
		886F66FC234DBD9A00FAE4D6 /* Release */ = {
			isa = XCBuildConfiguration;
			buildSettings = {
				ALWAYS_SEARCH_USER_PATHS = NO;
				CLANG_ANALYZER_NONNULL = YES;
				CLANG_ANALYZER_NUMBER_OBJECT_CONVERSION = YES_AGGRESSIVE;
				CLANG_CXX_LANGUAGE_STANDARD = "gnu++14";
				CLANG_CXX_LIBRARY = "libc++";
				CLANG_ENABLE_MODULES = YES;
				CLANG_ENABLE_OBJC_ARC = YES;
				CLANG_ENABLE_OBJC_WEAK = YES;
				CLANG_WARN_BLOCK_CAPTURE_AUTORELEASING = YES;
				CLANG_WARN_BOOL_CONVERSION = YES;
				CLANG_WARN_COMMA = YES;
				CLANG_WARN_CONSTANT_CONVERSION = YES;
				CLANG_WARN_DEPRECATED_OBJC_IMPLEMENTATIONS = YES;
				CLANG_WARN_DIRECT_OBJC_ISA_USAGE = YES_ERROR;
				CLANG_WARN_DOCUMENTATION_COMMENTS = YES;
				CLANG_WARN_EMPTY_BODY = YES;
				CLANG_WARN_ENUM_CONVERSION = YES;
				CLANG_WARN_INFINITE_RECURSION = YES;
				CLANG_WARN_INT_CONVERSION = YES;
				CLANG_WARN_NON_LITERAL_NULL_CONVERSION = YES;
				CLANG_WARN_OBJC_IMPLICIT_RETAIN_SELF = YES;
				CLANG_WARN_OBJC_LITERAL_CONVERSION = YES;
				CLANG_WARN_OBJC_ROOT_CLASS = YES_ERROR;
				CLANG_WARN_RANGE_LOOP_ANALYSIS = YES;
				CLANG_WARN_STRICT_PROTOTYPES = YES;
				CLANG_WARN_SUSPICIOUS_MOVE = YES;
				CLANG_WARN_UNGUARDED_AVAILABILITY = YES_AGGRESSIVE;
				CLANG_WARN_UNREACHABLE_CODE = YES;
				CLANG_WARN__DUPLICATE_METHOD_MATCH = YES;
				COPY_PHASE_STRIP = NO;
				DEBUG_INFORMATION_FORMAT = "dwarf-with-dsym";
				ENABLE_NS_ASSERTIONS = NO;
				ENABLE_STRICT_OBJC_MSGSEND = YES;
				GCC_C_LANGUAGE_STANDARD = gnu11;
				GCC_NO_COMMON_BLOCKS = YES;
				GCC_WARN_64_TO_32_BIT_CONVERSION = YES;
				GCC_WARN_ABOUT_RETURN_TYPE = YES_ERROR;
				GCC_WARN_UNDECLARED_SELECTOR = YES;
				GCC_WARN_UNINITIALIZED_AUTOS = YES_AGGRESSIVE;
				GCC_WARN_UNUSED_FUNCTION = YES;
				GCC_WARN_UNUSED_VARIABLE = YES;
				IPHONEOS_DEPLOYMENT_TARGET = 13.0;
				MTL_ENABLE_DEBUG_INFO = NO;
				MTL_FAST_MATH = YES;
				SDKROOT = iphoneos;
				SWIFT_COMPILATION_MODE = wholemodule;
				SWIFT_OPTIMIZATION_LEVEL = "-O";
				VALIDATE_PRODUCT = YES;
			};
			name = Release;
		};
		886F66FE234DBD9A00FAE4D6 /* Debug */ = {
			isa = XCBuildConfiguration;
			buildSettings = {
				ASSETCATALOG_COMPILER_APPICON_NAME = AppIcon;
				CODE_SIGN_STYLE = Automatic;
				INFOPLIST_FILE = ExampleApp/Info.plist;
				LD_RUNPATH_SEARCH_PATHS = (
					"$(inherited)",
					"@executable_path/Frameworks",
				);
				PRODUCT_BUNDLE_IDENTIFIER = "cz.cvut.bi-ios.ExampleApp";
				PRODUCT_NAME = "$(TARGET_NAME)";
				SWIFT_VERSION = 5.0;
				TARGETED_DEVICE_FAMILY = "1,2";
			};
			name = Debug;
		};
		886F66FF234DBD9A00FAE4D6 /* Release */ = {
			isa = XCBuildConfiguration;
			buildSettings = {
				ASSETCATALOG_COMPILER_APPICON_NAME = AppIcon;
				CODE_SIGN_STYLE = Automatic;
				INFOPLIST_FILE = ExampleApp/Info.plist;
				LD_RUNPATH_SEARCH_PATHS = (
					"$(inherited)",
					"@executable_path/Frameworks",
				);
				PRODUCT_BUNDLE_IDENTIFIER = "cz.cvut.bi-ios.ExampleApp";
				PRODUCT_NAME = "$(TARGET_NAME)";
				SWIFT_VERSION = 5.0;
				TARGETED_DEVICE_FAMILY = "1,2";
			};
			name = Release;
		};
/* End XCBuildConfiguration section */

/* Begin XCConfigurationList section */
		886F66E4234DBD9600FAE4D6 /* Build configuration list for PBXProject "ExampleApp" */ = {
			isa = XCConfigurationList;
			buildConfigurations = (
				886F66FB234DBD9A00FAE4D6 /* Debug */,
				886F66FC234DBD9A00FAE4D6 /* Release */,
			);
			defaultConfigurationIsVisible = 0;
			defaultConfigurationName = Release;
		};
		886F66FD234DBD9A00FAE4D6 /* Build configuration list for PBXNativeTarget "ExampleApp" */ = {
			isa = XCConfigurationList;
			buildConfigurations = (
				886F66FE234DBD9A00FAE4D6 /* Debug */,
				886F66FF234DBD9A00FAE4D6 /* Release */,
			);
			defaultConfigurationIsVisible = 0;
			defaultConfigurationName = Release;
		};
/* End XCConfigurationList section */
	};
	rootObject = 886F66E1234DBD9600FAE4D6 /* Project object */;
}
